// !$*UTF8*$!
{
	archiveVersion = 1;
	classes = {
	};
	objectVersion = 46;
	objects = {

/* Begin PBXBuildFile section */
		97E6CA721D72893D00205350 /* AppDelegate.swift in Sources */ = {isa = PBXBuildFile; fileRef = 97E6CA711D72893D00205350 /* AppDelegate.swift */; };
		97E6CA741D72893D00205350 /* ViewController.swift in Sources */ = {isa = PBXBuildFile; fileRef = 97E6CA731D72893D00205350 /* ViewController.swift */; };
		97E6CA771D72893D00205350 /* Main.storyboard in Resources */ = {isa = PBXBuildFile; fileRef = 97E6CA751D72893D00205350 /* Main.storyboard */; };
		97E6CA791D72893D00205350 /* Assets.xcassets in Resources */ = {isa = PBXBuildFile; fileRef = 97E6CA781D72893D00205350 /* Assets.xcassets */; };
		97E6CA7C1D72893D00205350 /* LaunchScreen.storyboard in Resources */ = {isa = PBXBuildFile; fileRef = 97E6CA7A1D72893D00205350 /* LaunchScreen.storyboard */; };
/* End PBXBuildFile section */

/* Begin PBXFileReference section */
		97E6CA6E1D72893D00205350 /* ericjohnson1.app */ = {isa = PBXFileReference; explicitFileType = wrapper.application; includeInIndex = 0; path = ericjohnson1.app; sourceTree = BUILT_PRODUCTS_DIR; };
		97E6CA711D72893D00205350 /* AppDelegate.swift */ = {isa = PBXFileReference; lastKnownFileType = sourcecode.swift; path = AppDelegate.swift; sourceTree = "<group>"; };
		97E6CA731D72893D00205350 /* ViewController.swift */ = {isa = PBXFileReference; lastKnownFileType = sourcecode.swift; path = ViewController.swift; sourceTree = "<group>"; };
		97E6CA761D72893D00205350 /* Base */ = {isa = PBXFileReference; lastKnownFileType = file.storyboard; name = Base; path = Base.lproj/Main.storyboard; sourceTree = "<group>"; };
		97E6CA781D72893D00205350 /* Assets.xcassets */ = {isa = PBXFileReference; lastKnownFileType = folder.assetcatalog; path = Assets.xcassets; sourceTree = "<group>"; };
		97E6CA7B1D72893D00205350 /* Base */ = {isa = PBXFileReference; lastKnownFileType = file.storyboard; name = Base; path = Base.lproj/LaunchScreen.storyboard; sourceTree = "<group>"; };
		97E6CA7D1D72893D00205350 /* Info.plist */ = {isa = PBXFileReference; lastKnownFileType = text.plist.xml; path = Info.plist; sourceTree = "<group>"; };
/* End PBXFileReference section */

/* Begin PBXFrameworksBuildPhase section */
		97E6CA6B1D72893D00205350 /* Frameworks */ = {
			isa = PBXFrameworksBuildPhase;
			buildActionMask = 2147483647;
			files = (
			);
			runOnlyForDeploymentPostprocessing = 0;
		};
/* End PBXFrameworksBuildPhase section */

/* Begin PBXGroup section */
		97E6CA651D72893D00205350 = {
			isa = PBXGroup;
			children = (
				97E6CA701D72893D00205350 /* ericjohnson1 */,
				97E6CA6F1D72893D00205350 /* Products */,
			);
			sourceTree = "<group>";
		};
		97E6CA6F1D72893D00205350 /* Products */ = {
			isa = PBXGroup;
			children = (
				97E6CA6E1D72893D00205350 /* ericjohnson1.app */,
			);
			name = Products;
			sourceTree = "<group>";
		};
		97E6CA701D72893D00205350 /* ericjohnson1 */ = {
			isa = PBXGroup;
			children = (
				97E6CA711D72893D00205350 /* AppDelegate.swift */,
				97E6CA731D72893D00205350 /* ViewController.swift */,
				97E6CA751D72893D00205350 /* Main.storyboard */,
				97E6CA781D72893D00205350 /* Assets.xcassets */,
				97E6CA7A1D72893D00205350 /* LaunchScreen.storyboard */,
				97E6CA7D1D72893D00205350 /* Info.plist */,
			);
			path = ericjohnson1;
			sourceTree = "<group>";
		};
/* End PBXGroup section */

/* Begin PBXNativeTarget section */
		97E6CA6D1D72893D00205350 /* ericjohnson1 */ = {
			isa = PBXNativeTarget;
			buildConfigurationList = 97E6CA801D72893D00205350 /* Build configuration list for PBXNativeTarget "ericjohnson1" */;
			buildPhases = (
				97E6CA6A1D72893D00205350 /* Sources */,
				97E6CA6B1D72893D00205350 /* Frameworks */,
				97E6CA6C1D72893D00205350 /* Resources */,
			);
			buildRules = (
			);
			dependencies = (
			);
			name = ericjohnson1;
			productName = ericjohnson1;
			productReference = 97E6CA6E1D72893D00205350 /* ericjohnson1.app */;
			productType = "com.apple.product-type.application";
		};
/* End PBXNativeTarget section */

/* Begin PBXProject section */
		97E6CA661D72893D00205350 /* Project object */ = {
			isa = PBXProject;
			attributes = {
				LastSwiftUpdateCheck = 0730;
				LastUpgradeCheck = 0730;
				ORGANIZATIONNAME = "Eric Johnson";
				TargetAttributes = {
					97E6CA6D1D72893D00205350 = {
						CreatedOnToolsVersion = 7.3.1;
					};
				};
			};
			buildConfigurationList = 97E6CA691D72893D00205350 /* Build configuration list for PBXProject "ericjohnson1" */;
			compatibilityVersion = "Xcode 3.2";
			developmentRegion = English;
			hasScannedForEncodings = 0;
			knownRegions = (
				en,
				Base,
			);
			mainGroup = 97E6CA651D72893D00205350;
			productRefGroup = 97E6CA6F1D72893D00205350 /* Products */;
			projectDirPath = "";
			projectRoot = "";
			targets = (
				97E6CA6D1D72893D00205350 /* ericjohnson1 */,
			);
		};
/* End PBXProject section */

/* Begin PBXResourcesBuildPhase section */
		97E6CA6C1D72893D00205350 /* Resources */ = {
			isa = PBXResourcesBuildPhase;
			buildActionMask = 2147483647;
			files = (
				97E6CA7C1D72893D00205350 /* LaunchScreen.storyboard in Resources */,
				97E6CA791D72893D00205350 /* Assets.xcassets in Resources */,
				97E6CA771D72893D00205350 /* Main.storyboard in Resources */,
			);
			runOnlyForDeploymentPostprocessing = 0;
		};
/* End PBXResourcesBuildPhase section */

/* Begin PBXSourcesBuildPhase section */
		97E6CA6A1D72893D00205350 /* Sources */ = {
			isa = PBXSourcesBuildPhase;
			buildActionMask = 2147483647;
			files = (
				97E6CA741D72893D00205350 /* ViewController.swift in Sources */,
				97E6CA721D72893D00205350 /* AppDelegate.swift in Sources */,
			);
			runOnlyForDeploymentPostprocessing = 0;
		};
/* End PBXSourcesBuildPhase section */

/* Begin PBXVariantGroup section */
		97E6CA751D72893D00205350 /* Main.storyboard */ = {
			isa = PBXVariantGroup;
			children = (
				97E6CA761D72893D00205350 /* Base */,
			);
			name = Main.storyboard;
			sourceTree = "<group>";
		};
		97E6CA7A1D72893D00205350 /* LaunchScreen.storyboard */ = {
			isa = PBXVariantGroup;
			children = (
				97E6CA7B1D72893D00205350 /* Base */,
			);
			name = LaunchScreen.storyboard;
			sourceTree = "<group>";
		};
/* End PBXVariantGroup section */

/* Begin XCBuildConfiguration section */
		97E6CA7E1D72893D00205350 /* Debug */ = {
			isa = XCBuildConfiguration;
			buildSettings = {
				ALWAYS_SEARCH_USER_PATHS = NO;
				CLANG_ANALYZER_NONNULL = YES;
				CLANG_CXX_LANGUAGE_STANDARD = "gnu++0x";
				CLANG_CXX_LIBRARY = "libc++";
				CLANG_ENABLE_MODULES = YES;
				CLANG_ENABLE_OBJC_ARC = YES;
				CLANG_WARN_BOOL_CONVERSION = YES;
				CLANG_WARN_CONSTANT_CONVERSION = YES;
				CLANG_WARN_DIRECT_OBJC_ISA_USAGE = YES_ERROR;
				CLANG_WARN_EMPTY_BODY = YES;
				CLANG_WARN_ENUM_CONVERSION = YES;
				CLANG_WARN_INT_CONVERSION = YES;
				CLANG_WARN_OBJC_ROOT_CLASS = YES_ERROR;
				CLANG_WARN_UNREACHABLE_CODE = YES;
				CLANG_WARN__DUPLICATE_METHOD_MATCH = YES;
				"CODE_SIGN_IDENTITY[sdk=iphoneos*]" = "iPhone Developer";
				COPY_PHASE_STRIP = NO;
				DEBUG_INFORMATION_FORMAT = dwarf;
				ENABLE_STRICT_OBJC_MSGSEND = YES;
				ENABLE_TESTABILITY = YES;
				GCC_C_LANGUAGE_STANDARD = gnu99;
				GCC_DYNAMIC_NO_PIC = NO;
				GCC_NO_COMMON_BLOCKS = YES;
				GCC_OPTIMIZATION_LEVEL = 0;
				GCC_PREPROCESSOR_DEFINITIONS = (
					"DEBUG=1",
					"$(inherited)",
				);
				GCC_WARN_64_TO_32_BIT_CONVERSION = YES;
				GCC_WARN_ABOUT_RETURN_TYPE = YES_ERROR;
				GCC_WARN_UNDECLARED_SELECTOR = YES;
				GCC_WARN_UNINITIALIZED_AUTOS = YES_AGGRESSIVE;
				GCC_WARN_UNUSED_FUNCTION = YES;
				GCC_WARN_UNUSED_VARIABLE = YES;
				IPHONEOS_DEPLOYMENT_TARGET = 9.3;
				MTL_ENABLE_DEBUG_INFO = YES;
				ONLY_ACTIVE_ARCH = YES;
				SDKROOT = iphoneos;
				SWIFT_OPTIMIZATION_LEVEL = "-Onone";
			};
			name = Debug;
		};
		97E6CA7F1D72893D00205350 /* Release */ = {
			isa = XCBuildConfiguration;
			buildSettings = {
				ALWAYS_SEARCH_USER_PATHS = NO;
				CLANG_ANALYZER_NONNULL = YES;
				CLANG_CXX_LANGUAGE_STANDARD = "gnu++0x";
				CLANG_CXX_LIBRARY = "libc++";
				CLANG_ENABLE_MODULES = YES;
				CLANG_ENABLE_OBJC_ARC = YES;
				CLANG_WARN_BOOL_CONVERSION = YES;
				CLANG_WARN_CONSTANT_CONVERSION = YES;
				CLANG_WARN_DIRECT_OBJC_ISA_USAGE = YES_ERROR;
				CLANG_WARN_EMPTY_BODY = YES;
				CLANG_WARN_ENUM_CONVERSION = YES;
				CLANG_WARN_INT_CONVERSION = YES;
				CLANG_WARN_OBJC_ROOT_CLASS = YES_ERROR;
				CLANG_WARN_UNREACHABLE_CODE = YES;
				CLANG_WARN__DUPLICATE_METHOD_MATCH = YES;
				"CODE_SIGN_IDENTITY[sdk=iphoneos*]" = "iPhone Developer";
				COPY_PHASE_STRIP = NO;
				DEBUG_INFORMATION_FORMAT = "dwarf-with-dsym";
				ENABLE_NS_ASSERTIONS = NO;
				ENABLE_STRICT_OBJC_MSGSEND = YES;
				GCC_C_LANGUAGE_STANDARD = gnu99;
				GCC_NO_COMMON_BLOCKS = YES;
				GCC_WARN_64_TO_32_BIT_CONVERSION = YES;
				GCC_WARN_ABOUT_RETURN_TYPE = YES_ERROR;
				GCC_WARN_UNDECLARED_SELECTOR = YES;
				GCC_WARN_UNINITIALIZED_AUTOS = YES_AGGRESSIVE;
				GCC_WARN_UNUSED_FUNCTION = YES;
				GCC_WARN_UNUSED_VARIABLE = YES;
				IPHONEOS_DEPLOYMENT_TARGET = 9.3;
				MTL_ENABLE_DEBUG_INFO = NO;
				SDKROOT = iphoneos;
				VALIDATE_PRODUCT = YES;
			};
			name = Release;
		};
		97E6CA811D72893D00205350 /* Debug */ = {
			isa = XCBuildConfiguration;
			buildSettings = {
				ASSETCATALOG_COMPILER_APPICON_NAME = AppIcon;
				INFOPLIST_FILE = ericjohnson1/Info.plist;
				LD_RUNPATH_SEARCH_PATHS = "$(inherited) @executable_path/Frameworks";
				PRODUCT_BUNDLE_IDENTIFIER = com.ZXV.ericjohnson1;
				PRODUCT_NAME = "$(TARGET_NAME)";
			};
			name = Debug;
		};
		97E6CA821D72893D00205350 /* Release */ = {
			isa = XCBuildConfiguration;
			buildSettings = {
				ASSETCATALOG_COMPILER_APPICON_NAME = AppIcon;
				INFOPLIST_FILE = ericjohnson1/Info.plist;
				LD_RUNPATH_SEARCH_PATHS = "$(inherited) @executable_path/Frameworks";
				PRODUCT_BUNDLE_IDENTIFIER = com.ZXV.ericjohnson1;
				PRODUCT_NAME = "$(TARGET_NAME)";
			};
			name = Release;
		};
/* End XCBuildConfiguration section */

/* Begin XCConfigurationList section */
		97E6CA691D72893D00205350 /* Build configuration list for PBXProject "ericjohnson1" */ = {
			isa = XCConfigurationList;
			buildConfigurations = (
				97E6CA7E1D72893D00205350 /* Debug */,
				97E6CA7F1D72893D00205350 /* Release */,
			);
			defaultConfigurationIsVisible = 0;
			defaultConfigurationName = Release;
		};
		97E6CA801D72893D00205350 /* Build configuration list for PBXNativeTarget "ericjohnson1" */ = {
			isa = XCConfigurationList;
			buildConfigurations = (
				97E6CA811D72893D00205350 /* Debug */,
				97E6CA821D72893D00205350 /* Release */,
			);
			defaultConfigurationIsVisible = 0;
		};
/* End XCConfigurationList section */
	};
	rootObject = 97E6CA661D72893D00205350 /* Project object */;
}
